// !$*UTF8*$!
{
	archiveVersion = 1;
	classes = {
	};
	objectVersion = 56;
	objects = {

/* Begin PBXBuildFile section */
		94E443362B97DC5600FC3A2D /* AppDelegate.swift in Sources */ = {isa = PBXBuildFile; fileRef = 94E443352B97DC5600FC3A2D /* AppDelegate.swift */; };
		94E443382B97DC5600FC3A2D /* SceneDelegate.swift in Sources */ = {isa = PBXBuildFile; fileRef = 94E443372B97DC5600FC3A2D /* SceneDelegate.swift */; };
		94E4433A2B97DC5600FC3A2D /* ViewController.swift in Sources */ = {isa = PBXBuildFile; fileRef = 94E443392B97DC5600FC3A2D /* ViewController.swift */; };
		94E4433D2B97DC5600FC3A2D /* Main.storyboard in Resources */ = {isa = PBXBuildFile; fileRef = 94E4433B2B97DC5600FC3A2D /* Main.storyboard */; };
		94E4433F2B97DC5700FC3A2D /* Assets.xcassets in Resources */ = {isa = PBXBuildFile; fileRef = 94E4433E2B97DC5700FC3A2D /* Assets.xcassets */; };
		94E443422B97DC5700FC3A2D /* LaunchScreen.storyboard in Resources */ = {isa = PBXBuildFile; fileRef = 94E443402B97DC5700FC3A2D /* LaunchScreen.storyboard */; };
		94E4434D2B97DD3E00FC3A2D /* CameraViewModelProtocol.swift in Sources */ = {isa = PBXBuildFile; fileRef = 94E4434C2B97DD3E00FC3A2D /* CameraViewModelProtocol.swift */; };
		94E443502B97DDF000FC3A2D /* CameraMode.swift in Sources */ = {isa = PBXBuildFile; fileRef = 94E4434F2B97DDF000FC3A2D /* CameraMode.swift */; };
		94E443522B97DE6100FC3A2D /* CameraViewModel.swift in Sources */ = {isa = PBXBuildFile; fileRef = 94E443512B97DE6100FC3A2D /* CameraViewModel.swift */; };
		94E443552B97DF0B00FC3A2D /* DBService.swift in Sources */ = {isa = PBXBuildFile; fileRef = 94E443542B97DF0B00FC3A2D /* DBService.swift */; };
/* End PBXBuildFile section */

/* Begin PBXFileReference section */
		94E443322B97DC5600FC3A2D /* MVVM.app */ = {isa = PBXFileReference; explicitFileType = wrapper.application; includeInIndex = 0; path = MVVM.app; sourceTree = BUILT_PRODUCTS_DIR; };
		94E443352B97DC5600FC3A2D /* AppDelegate.swift */ = {isa = PBXFileReference; lastKnownFileType = sourcecode.swift; path = AppDelegate.swift; sourceTree = "<group>"; };
		94E443372B97DC5600FC3A2D /* SceneDelegate.swift */ = {isa = PBXFileReference; lastKnownFileType = sourcecode.swift; path = SceneDelegate.swift; sourceTree = "<group>"; };
		94E443392B97DC5600FC3A2D /* ViewController.swift */ = {isa = PBXFileReference; lastKnownFileType = sourcecode.swift; path = ViewController.swift; sourceTree = "<group>"; };
		94E4433C2B97DC5600FC3A2D /* Base */ = {isa = PBXFileReference; lastKnownFileType = file.storyboard; name = Base; path = Base.lproj/Main.storyboard; sourceTree = "<group>"; };
		94E4433E2B97DC5700FC3A2D /* Assets.xcassets */ = {isa = PBXFileReference; lastKnownFileType = folder.assetcatalog; path = Assets.xcassets; sourceTree = "<group>"; };
		94E443412B97DC5700FC3A2D /* Base */ = {isa = PBXFileReference; lastKnownFileType = file.storyboard; name = Base; path = Base.lproj/LaunchScreen.storyboard; sourceTree = "<group>"; };
		94E443432B97DC5700FC3A2D /* Info.plist */ = {isa = PBXFileReference; lastKnownFileType = text.plist.xml; path = Info.plist; sourceTree = "<group>"; };
		94E4434C2B97DD3E00FC3A2D /* CameraViewModelProtocol.swift */ = {isa = PBXFileReference; lastKnownFileType = sourcecode.swift; path = CameraViewModelProtocol.swift; sourceTree = "<group>"; };
		94E4434F2B97DDF000FC3A2D /* CameraMode.swift */ = {isa = PBXFileReference; lastKnownFileType = sourcecode.swift; path = CameraMode.swift; sourceTree = "<group>"; };
		94E443512B97DE6100FC3A2D /* CameraViewModel.swift */ = {isa = PBXFileReference; lastKnownFileType = sourcecode.swift; path = CameraViewModel.swift; sourceTree = "<group>"; };
		94E443542B97DF0B00FC3A2D /* DBService.swift */ = {isa = PBXFileReference; lastKnownFileType = sourcecode.swift; path = DBService.swift; sourceTree = "<group>"; };
/* End PBXFileReference section */

/* Begin PBXFrameworksBuildPhase section */
		94E4432F2B97DC5600FC3A2D /* Frameworks */ = {
			isa = PBXFrameworksBuildPhase;
			buildActionMask = 2147483647;
			files = (
			);
			runOnlyForDeploymentPostprocessing = 0;
		};
/* End PBXFrameworksBuildPhase section */

/* Begin PBXGroup section */
		94E443292B97DC5600FC3A2D = {
			isa = PBXGroup;
			children = (
				94E443342B97DC5600FC3A2D /* MVVM */,
				94E443332B97DC5600FC3A2D /* Products */,
			);
			sourceTree = "<group>";
		};
		94E443332B97DC5600FC3A2D /* Products */ = {
			isa = PBXGroup;
			children = (
				94E443322B97DC5600FC3A2D /* MVVM.app */,
			);
			name = Products;
			sourceTree = "<group>";
		};
		94E443342B97DC5600FC3A2D /* MVVM */ = {
			isa = PBXGroup;
			children = (
				94E4434E2B97DDDF00FC3A2D /* Models */,
				94E443492B97DC6000FC3A2D /* Application */,
				94E4434B2B97DCD900FC3A2D /* Camera */,
				94E4434A2B97DC7700FC3A2D /* Resources */,
			);
			path = MVVM;
			sourceTree = "<group>";
		};
		94E443492B97DC6000FC3A2D /* Application */ = {
			isa = PBXGroup;
			children = (
				94E443372B97DC5600FC3A2D /* SceneDelegate.swift */,
				94E443352B97DC5600FC3A2D /* AppDelegate.swift */,
			);
			path = Application;
			sourceTree = "<group>";
		};
		94E4434A2B97DC7700FC3A2D /* Resources */ = {
			isa = PBXGroup;
			children = (
				94E4433E2B97DC5700FC3A2D /* Assets.xcassets */,
				94E443402B97DC5700FC3A2D /* LaunchScreen.storyboard */,
				94E443432B97DC5700FC3A2D /* Info.plist */,
			);
			path = Resources;
			sourceTree = "<group>";
		};
		94E4434B2B97DCD900FC3A2D /* Camera */ = {
			isa = PBXGroup;
			children = (
				94E443392B97DC5600FC3A2D /* ViewController.swift */,
				94E4433B2B97DC5600FC3A2D /* Main.storyboard */,
				94E4434C2B97DD3E00FC3A2D /* CameraViewModelProtocol.swift */,
				94E443512B97DE6100FC3A2D /* CameraViewModel.swift */,
			);
			path = Camera;
			sourceTree = "<group>";
		};
		94E4434E2B97DDDF00FC3A2D /* Models */ = {
			isa = PBXGroup;
			children = (
				94E443532B97DEE500FC3A2D /* Services */,
				94E4434F2B97DDF000FC3A2D /* CameraMode.swift */,
			);
			path = Models;
			sourceTree = "<group>";
		};
		94E443532B97DEE500FC3A2D /* Services */ = {
			isa = PBXGroup;
			children = (
				94E443542B97DF0B00FC3A2D /* DBService.swift */,
			);
			path = Services;
			sourceTree = "<group>";
		};
/* End PBXGroup section */

/* Begin PBXNativeTarget section */
		94E443312B97DC5600FC3A2D /* MVVM */ = {
			isa = PBXNativeTarget;
			buildConfigurationList = 94E443462B97DC5700FC3A2D /* Build configuration list for PBXNativeTarget "MVVM" */;
			buildPhases = (
				94E4432E2B97DC5600FC3A2D /* Sources */,
				94E4432F2B97DC5600FC3A2D /* Frameworks */,
				94E443302B97DC5600FC3A2D /* Resources */,
			);
			buildRules = (
			);
			dependencies = (
			);
			name = MVVM;
			productName = MVVM;
			productReference = 94E443322B97DC5600FC3A2D /* MVVM.app */;
			productType = "com.apple.product-type.application";
		};
/* End PBXNativeTarget section */

/* Begin PBXProject section */
		94E4432A2B97DC5600FC3A2D /* Project object */ = {
			isa = PBXProject;
			attributes = {
				BuildIndependentTargetsInParallel = 1;
				LastSwiftUpdateCheck = 1520;
				LastUpgradeCheck = 1520;
				TargetAttributes = {
					94E443312B97DC5600FC3A2D = {
						CreatedOnToolsVersion = 15.2;
					};
				};
			};
			buildConfigurationList = 94E4432D2B97DC5600FC3A2D /* Build configuration list for PBXProject "MVVM" */;
			compatibilityVersion = "Xcode 14.0";
			developmentRegion = en;
			hasScannedForEncodings = 0;
			knownRegions = (
				en,
				Base,
			);
			mainGroup = 94E443292B97DC5600FC3A2D;
			productRefGroup = 94E443332B97DC5600FC3A2D /* Products */;
			projectDirPath = "";
			projectRoot = "";
			targets = (
				94E443312B97DC5600FC3A2D /* MVVM */,
			);
		};
/* End PBXProject section */

/* Begin PBXResourcesBuildPhase section */
		94E443302B97DC5600FC3A2D /* Resources */ = {
			isa = PBXResourcesBuildPhase;
			buildActionMask = 2147483647;
			files = (
				94E443422B97DC5700FC3A2D /* LaunchScreen.storyboard in Resources */,
				94E4433F2B97DC5700FC3A2D /* Assets.xcassets in Resources */,
				94E4433D2B97DC5600FC3A2D /* Main.storyboard in Resources */,
			);
			runOnlyForDeploymentPostprocessing = 0;
		};
/* End PBXResourcesBuildPhase section */

/* Begin PBXSourcesBuildPhase section */
		94E4432E2B97DC5600FC3A2D /* Sources */ = {
			isa = PBXSourcesBuildPhase;
			buildActionMask = 2147483647;
			files = (
				94E443502B97DDF000FC3A2D /* CameraMode.swift in Sources */,
				94E4433A2B97DC5600FC3A2D /* ViewController.swift in Sources */,
				94E443362B97DC5600FC3A2D /* AppDelegate.swift in Sources */,
				94E443552B97DF0B00FC3A2D /* DBService.swift in Sources */,
				94E443382B97DC5600FC3A2D /* SceneDelegate.swift in Sources */,
				94E4434D2B97DD3E00FC3A2D /* CameraViewModelProtocol.swift in Sources */,
				94E443522B97DE6100FC3A2D /* CameraViewModel.swift in Sources */,
			);
			runOnlyForDeploymentPostprocessing = 0;
		};
/* End PBXSourcesBuildPhase section */

/* Begin PBXVariantGroup section */
		94E4433B2B97DC5600FC3A2D /* Main.storyboard */ = {
			isa = PBXVariantGroup;
			children = (
				94E4433C2B97DC5600FC3A2D /* Base */,
			);
			name = Main.storyboard;
			sourceTree = "<group>";
		};
		94E443402B97DC5700FC3A2D /* LaunchScreen.storyboard */ = {
			isa = PBXVariantGroup;
			children = (
				94E443412B97DC5700FC3A2D /* Base */,
			);
			name = LaunchScreen.storyboard;
			sourceTree = "<group>";
		};
/* End PBXVariantGroup section */

/* Begin XCBuildConfiguration section */
		94E443442B97DC5700FC3A2D /* Debug */ = {
			isa = XCBuildConfiguration;
			buildSettings = {
				ALWAYS_SEARCH_USER_PATHS = NO;
				ASSETCATALOG_COMPILER_GENERATE_SWIFT_ASSET_SYMBOL_EXTENSIONS = YES;
				CLANG_ANALYZER_NONNULL = YES;
				CLANG_ANALYZER_NUMBER_OBJECT_CONVERSION = YES_AGGRESSIVE;
				CLANG_CXX_LANGUAGE_STANDARD = "gnu++20";
				CLANG_ENABLE_MODULES = YES;
				CLANG_ENABLE_OBJC_ARC = YES;
				CLANG_ENABLE_OBJC_WEAK = YES;
				CLANG_WARN_BLOCK_CAPTURE_AUTORELEASING = YES;
				CLANG_WARN_BOOL_CONVERSION = YES;
				CLANG_WARN_COMMA = YES;
				CLANG_WARN_CONSTANT_CONVERSION = YES;
				CLANG_WARN_DEPRECATED_OBJC_IMPLEMENTATIONS = YES;
				CLANG_WARN_DIRECT_OBJC_ISA_USAGE = YES_ERROR;
				CLANG_WARN_DOCUMENTATION_COMMENTS = YES;
				CLANG_WARN_EMPTY_BODY = YES;
				CLANG_WARN_ENUM_CONVERSION = YES;
				CLANG_WARN_INFINITE_RECURSION = YES;
				CLANG_WARN_INT_CONVERSION = YES;
				CLANG_WARN_NON_LITERAL_NULL_CONVERSION = YES;
				CLANG_WARN_OBJC_IMPLICIT_RETAIN_SELF = YES;
				CLANG_WARN_OBJC_LITERAL_CONVERSION = YES;
				CLANG_WARN_OBJC_ROOT_CLASS = YES_ERROR;
				CLANG_WARN_QUOTED_INCLUDE_IN_FRAMEWORK_HEADER = YES;
				CLANG_WARN_RANGE_LOOP_ANALYSIS = YES;
				CLANG_WARN_STRICT_PROTOTYPES = YES;
				CLANG_WARN_SUSPICIOUS_MOVE = YES;
				CLANG_WARN_UNGUARDED_AVAILABILITY = YES_AGGRESSIVE;
				CLANG_WARN_UNREACHABLE_CODE = YES;
				CLANG_WARN__DUPLICATE_METHOD_MATCH = YES;
				COPY_PHASE_STRIP = NO;
				DEBUG_INFORMATION_FORMAT = dwarf;
				ENABLE_STRICT_OBJC_MSGSEND = YES;
				ENABLE_TESTABILITY = YES;
				ENABLE_USER_SCRIPT_SANDBOXING = YES;
				GCC_C_LANGUAGE_STANDARD = gnu17;
				GCC_DYNAMIC_NO_PIC = NO;
				GCC_NO_COMMON_BLOCKS = YES;
				GCC_OPTIMIZATION_LEVEL = 0;
				GCC_PREPROCESSOR_DEFINITIONS = (
					"DEBUG=1",
					"$(inherited)",
				);
				GCC_WARN_64_TO_32_BIT_CONVERSION = YES;
				GCC_WARN_ABOUT_RETURN_TYPE = YES_ERROR;
				GCC_WARN_UNDECLARED_SELECTOR = YES;
				GCC_WARN_UNINITIALIZED_AUTOS = YES_AGGRESSIVE;
				GCC_WARN_UNUSED_FUNCTION = YES;
				GCC_WARN_UNUSED_VARIABLE = YES;
				IPHONEOS_DEPLOYMENT_TARGET = 17.2;
				LOCALIZATION_PREFERS_STRING_CATALOGS = YES;
				MTL_ENABLE_DEBUG_INFO = INCLUDE_SOURCE;
				MTL_FAST_MATH = YES;
				ONLY_ACTIVE_ARCH = YES;
				SDKROOT = iphoneos;
				SWIFT_ACTIVE_COMPILATION_CONDITIONS = "DEBUG $(inherited)";
				SWIFT_OPTIMIZATION_LEVEL = "-Onone";
			};
			name = Debug;
		};
		94E443452B97DC5700FC3A2D /* Release */ = {
			isa = XCBuildConfiguration;
			buildSettings = {
				ALWAYS_SEARCH_USER_PATHS = NO;
				ASSETCATALOG_COMPILER_GENERATE_SWIFT_ASSET_SYMBOL_EXTENSIONS = YES;
				CLANG_ANALYZER_NONNULL = YES;
				CLANG_ANALYZER_NUMBER_OBJECT_CONVERSION = YES_AGGRESSIVE;
				CLANG_CXX_LANGUAGE_STANDARD = "gnu++20";
				CLANG_ENABLE_MODULES = YES;
				CLANG_ENABLE_OBJC_ARC = YES;
				CLANG_ENABLE_OBJC_WEAK = YES;
				CLANG_WARN_BLOCK_CAPTURE_AUTORELEASING = YES;
				CLANG_WARN_BOOL_CONVERSION = YES;
				CLANG_WARN_COMMA = YES;
				CLANG_WARN_CONSTANT_CONVERSION = YES;
				CLANG_WARN_DEPRECATED_OBJC_IMPLEMENTATIONS = YES;
				CLANG_WARN_DIRECT_OBJC_ISA_USAGE = YES_ERROR;
				CLANG_WARN_DOCUMENTATION_COMMENTS = YES;
				CLANG_WARN_EMPTY_BODY = YES;
				CLANG_WARN_ENUM_CONVERSION = YES;
				CLANG_WARN_INFINITE_RECURSION = YES;
				CLANG_WARN_INT_CONVERSION = YES;
				CLANG_WARN_NON_LITERAL_NULL_CONVERSION = YES;
				CLANG_WARN_OBJC_IMPLICIT_RETAIN_SELF = YES;
				CLANG_WARN_OBJC_LITERAL_CONVERSION = YES;
				CLANG_WARN_OBJC_ROOT_CLASS = YES_ERROR;
				CLANG_WARN_QUOTED_INCLUDE_IN_FRAMEWORK_HEADER = YES;
				CLANG_WARN_RANGE_LOOP_ANALYSIS = YES;
				CLANG_WARN_STRICT_PROTOTYPES = YES;
				CLANG_WARN_SUSPICIOUS_MOVE = YES;
				CLANG_WARN_UNGUARDED_AVAILABILITY = YES_AGGRESSIVE;
				CLANG_WARN_UNREACHABLE_CODE = YES;
				CLANG_WARN__DUPLICATE_METHOD_MATCH = YES;
				COPY_PHASE_STRIP = NO;
				DEBUG_INFORMATION_FORMAT = "dwarf-with-dsym";
				ENABLE_NS_ASSERTIONS = NO;
				ENABLE_STRICT_OBJC_MSGSEND = YES;
				ENABLE_USER_SCRIPT_SANDBOXING = YES;
				GCC_C_LANGUAGE_STANDARD = gnu17;
				GCC_NO_COMMON_BLOCKS = YES;
				GCC_WARN_64_TO_32_BIT_CONVERSION = YES;
				GCC_WARN_ABOUT_RETURN_TYPE = YES_ERROR;
				GCC_WARN_UNDECLARED_SELECTOR = YES;
				GCC_WARN_UNINITIALIZED_AUTOS = YES_AGGRESSIVE;
				GCC_WARN_UNUSED_FUNCTION = YES;
				GCC_WARN_UNUSED_VARIABLE = YES;
				IPHONEOS_DEPLOYMENT_TARGET = 17.2;
				LOCALIZATION_PREFERS_STRING_CATALOGS = YES;
				MTL_ENABLE_DEBUG_INFO = NO;
				MTL_FAST_MATH = YES;
				SDKROOT = iphoneos;
				SWIFT_COMPILATION_MODE = wholemodule;
				VALIDATE_PRODUCT = YES;
			};
			name = Release;
		};
		94E443472B97DC5700FC3A2D /* Debug */ = {
			isa = XCBuildConfiguration;
			buildSettings = {
				ASSETCATALOG_COMPILER_APPICON_NAME = AppIcon;
				ASSETCATALOG_COMPILER_GLOBAL_ACCENT_COLOR_NAME = AccentColor;
				CODE_SIGN_STYLE = Automatic;
				CURRENT_PROJECT_VERSION = 1;
				DEVELOPMENT_TEAM = F69BVQ7958;
				GENERATE_INFOPLIST_FILE = YES;
				INFOPLIST_FILE = MVVM/Resources/Info.plist;
				INFOPLIST_KEY_UIApplicationSupportsIndirectInputEvents = YES;
				INFOPLIST_KEY_UILaunchStoryboardName = LaunchScreen;
				INFOPLIST_KEY_UIMainStoryboardFile = Main;
				INFOPLIST_KEY_UISupportedInterfaceOrientations_iPad = "UIInterfaceOrientationPortrait UIInterfaceOrientationPortraitUpsideDown UIInterfaceOrientationLandscapeLeft UIInterfaceOrientationLandscapeRight";
				INFOPLIST_KEY_UISupportedInterfaceOrientations_iPhone = "UIInterfaceOrientationPortrait UIInterfaceOrientationLandscapeLeft UIInterfaceOrientationLandscapeRight";
				LD_RUNPATH_SEARCH_PATHS = (
					"$(inherited)",
					"@executable_path/Frameworks",
				);
				MARKETING_VERSION = 1.0;
				PRODUCT_BUNDLE_IDENTIFIER = VM.MVVM;
				PRODUCT_NAME = "$(TARGET_NAME)";
				SWIFT_EMIT_LOC_STRINGS = YES;
				SWIFT_VERSION = 5.0;
				TARGETED_DEVICE_FAMILY = "1,2";
			};
			name = Debug;
		};
		94E443482B97DC5700FC3A2D /* Release */ = {
			isa = XCBuildConfiguration;
			buildSettings = {
				ASSETCATALOG_COMPILER_APPICON_NAME = AppIcon;
				ASSETCATALOG_COMPILER_GLOBAL_ACCENT_COLOR_NAME = AccentColor;
				CODE_SIGN_STYLE = Automatic;
				CURRENT_PROJECT_VERSION = 1;
				DEVELOPMENT_TEAM = F69BVQ7958;
				GENERATE_INFOPLIST_FILE = YES;
				INFOPLIST_FILE = MVVM/Resources/Info.plist;
				INFOPLIST_KEY_UIApplicationSupportsIndirectInputEvents = YES;
				INFOPLIST_KEY_UILaunchStoryboardName = LaunchScreen;
				INFOPLIST_KEY_UIMainStoryboardFile = Main;
				INFOPLIST_KEY_UISupportedInterfaceOrientations_iPad = "UIInterfaceOrientationPortrait UIInterfaceOrientationPortraitUpsideDown UIInterfaceOrientationLandscapeLeft UIInterfaceOrientationLandscapeRight";
				INFOPLIST_KEY_UISupportedInterfaceOrientations_iPhone = "UIInterfaceOrientationPortrait UIInterfaceOrientationLandscapeLeft UIInterfaceOrientationLandscapeRight";
				LD_RUNPATH_SEARCH_PATHS = (
					"$(inherited)",
					"@executable_path/Frameworks",
				);
				MARKETING_VERSION = 1.0;
				PRODUCT_BUNDLE_IDENTIFIER = VM.MVVM;
				PRODUCT_NAME = "$(TARGET_NAME)";
				SWIFT_EMIT_LOC_STRINGS = YES;
				SWIFT_VERSION = 5.0;
				TARGETED_DEVICE_FAMILY = "1,2";
			};
			name = Release;
		};
/* End XCBuildConfiguration section */

/* Begin XCConfigurationList section */
		94E4432D2B97DC5600FC3A2D /* Build configuration list for PBXProject "MVVM" */ = {
			isa = XCConfigurationList;
			buildConfigurations = (
				94E443442B97DC5700FC3A2D /* Debug */,
				94E443452B97DC5700FC3A2D /* Release */,
			);
			defaultConfigurationIsVisible = 0;
			defaultConfigurationName = Release;
		};
		94E443462B97DC5700FC3A2D /* Build configuration list for PBXNativeTarget "MVVM" */ = {
			isa = XCConfigurationList;
			buildConfigurations = (
				94E443472B97DC5700FC3A2D /* Debug */,
				94E443482B97DC5700FC3A2D /* Release */,
			);
			defaultConfigurationIsVisible = 0;
			defaultConfigurationName = Release;
		};
/* End XCConfigurationList section */
	};
	rootObject = 94E4432A2B97DC5600FC3A2D /* Project object */;
}
