// !$*UTF8*$!
{
	archiveVersion = 1;
	classes = {
	};
	objectVersion = 56;
	objects = {

/* Begin PBXBuildFile section */
		94552B9D2B93151D007FD221 /* RecipeApp.swift in Sources */ = {isa = PBXBuildFile; fileRef = 94552B9C2B93151D007FD221 /* RecipeApp.swift */; };
		94552B9F2B93151D007FD221 /* ContentView.swift in Sources */ = {isa = PBXBuildFile; fileRef = 94552B9E2B93151D007FD221 /* ContentView.swift */; };
		94552BA12B93151E007FD221 /* Assets.xcassets in Resources */ = {isa = PBXBuildFile; fileRef = 94552BA02B93151E007FD221 /* Assets.xcassets */; };
		94552BA42B93151E007FD221 /* Preview Assets.xcassets in Resources */ = {isa = PBXBuildFile; fileRef = 94552BA32B93151E007FD221 /* Preview Assets.xcassets */; };
		94552BB22B93169E007FD221 /* HomeView.swift in Sources */ = {isa = PBXBuildFile; fileRef = 94552BB12B93169E007FD221 /* HomeView.swift */; };
		94552BB42B9316B5007FD221 /* CategoriesView.swift in Sources */ = {isa = PBXBuildFile; fileRef = 94552BB32B9316B5007FD221 /* CategoriesView.swift */; };
		94552BB62B9316CB007FD221 /* SettingsView.swift in Sources */ = {isa = PBXBuildFile; fileRef = 94552BB52B9316CB007FD221 /* SettingsView.swift */; };
		94552BB82B9316DC007FD221 /* NewReciepeView.swift in Sources */ = {isa = PBXBuildFile; fileRef = 94552BB72B9316DC007FD221 /* NewReciepeView.swift */; };
		94552BBA2B93185B007FD221 /* FavoritesView.swift in Sources */ = {isa = PBXBuildFile; fileRef = 94552BB92B93185B007FD221 /* FavoritesView.swift */; };
		94552BBC2B9318FE007FD221 /* TabBar.swift in Sources */ = {isa = PBXBuildFile; fileRef = 94552BBB2B9318FE007FD221 /* TabBar.swift */; };
		94CDB7492B95B09E00B2604B /* RecipeModel.swift in Sources */ = {isa = PBXBuildFile; fileRef = 94CDB7482B95B09E00B2604B /* RecipeModel.swift */; };
		94CDB74B2B95B7C400B2604B /* RecipeCard.swift in Sources */ = {isa = PBXBuildFile; fileRef = 94CDB74A2B95B7C400B2604B /* RecipeCard.swift */; };
		94CDB74D2B95BE6600B2604B /* RecipeList.swift in Sources */ = {isa = PBXBuildFile; fileRef = 94CDB74C2B95BE6600B2604B /* RecipeList.swift */; };
		94CDB7502B95C6EB00B2604B /* RecipeView.swift in Sources */ = {isa = PBXBuildFile; fileRef = 94CDB74F2B95C6EB00B2604B /* RecipeView.swift */; };
		94CDB7532B95DD3100B2604B /* CategoryView.swift in Sources */ = {isa = PBXBuildFile; fileRef = 94CDB7522B95DD3100B2604B /* CategoryView.swift */; };
		94CDB7552B95E0A000B2604B /* AddRecipeView.swift in Sources */ = {isa = PBXBuildFile; fileRef = 94CDB7542B95E0A000B2604B /* AddRecipeView.swift */; };
		94CDB7572B95EBA700B2604B /* RecipiesViewModel.swift in Sources */ = {isa = PBXBuildFile; fileRef = 94CDB7562B95EBA700B2604B /* RecipiesViewModel.swift */; };
/* End PBXBuildFile section */

/* Begin PBXFileReference section */
		94552B992B93151D007FD221 /* Recipe.app */ = {isa = PBXFileReference; explicitFileType = wrapper.application; includeInIndex = 0; path = Recipe.app; sourceTree = BUILT_PRODUCTS_DIR; };
		94552B9C2B93151D007FD221 /* RecipeApp.swift */ = {isa = PBXFileReference; lastKnownFileType = sourcecode.swift; path = RecipeApp.swift; sourceTree = "<group>"; };
		94552B9E2B93151D007FD221 /* ContentView.swift */ = {isa = PBXFileReference; lastKnownFileType = sourcecode.swift; path = ContentView.swift; sourceTree = "<group>"; };
		94552BA02B93151E007FD221 /* Assets.xcassets */ = {isa = PBXFileReference; lastKnownFileType = folder.assetcatalog; path = Assets.xcassets; sourceTree = "<group>"; };
		94552BA32B93151E007FD221 /* Preview Assets.xcassets */ = {isa = PBXFileReference; lastKnownFileType = folder.assetcatalog; path = "Preview Assets.xcassets"; sourceTree = "<group>"; };
		94552BB12B93169E007FD221 /* HomeView.swift */ = {isa = PBXFileReference; lastKnownFileType = sourcecode.swift; path = HomeView.swift; sourceTree = "<group>"; };
		94552BB32B9316B5007FD221 /* CategoriesView.swift */ = {isa = PBXFileReference; lastKnownFileType = sourcecode.swift; path = CategoriesView.swift; sourceTree = "<group>"; };
		94552BB52B9316CB007FD221 /* SettingsView.swift */ = {isa = PBXFileReference; lastKnownFileType = sourcecode.swift; path = SettingsView.swift; sourceTree = "<group>"; };
		94552BB72B9316DC007FD221 /* NewReciepeView.swift */ = {isa = PBXFileReference; lastKnownFileType = sourcecode.swift; path = NewReciepeView.swift; sourceTree = "<group>"; };
		94552BB92B93185B007FD221 /* FavoritesView.swift */ = {isa = PBXFileReference; lastKnownFileType = sourcecode.swift; path = FavoritesView.swift; sourceTree = "<group>"; };
		94552BBB2B9318FE007FD221 /* TabBar.swift */ = {isa = PBXFileReference; lastKnownFileType = sourcecode.swift; path = TabBar.swift; sourceTree = "<group>"; };
		94CDB7482B95B09E00B2604B /* RecipeModel.swift */ = {isa = PBXFileReference; lastKnownFileType = sourcecode.swift; path = RecipeModel.swift; sourceTree = "<group>"; };
		94CDB74A2B95B7C400B2604B /* RecipeCard.swift */ = {isa = PBXFileReference; lastKnownFileType = sourcecode.swift; path = RecipeCard.swift; sourceTree = "<group>"; };
		94CDB74C2B95BE6600B2604B /* RecipeList.swift */ = {isa = PBXFileReference; lastKnownFileType = sourcecode.swift; path = RecipeList.swift; sourceTree = "<group>"; };
		94CDB74F2B95C6EB00B2604B /* RecipeView.swift */ = {isa = PBXFileReference; lastKnownFileType = sourcecode.swift; path = RecipeView.swift; sourceTree = "<group>"; };
		94CDB7522B95DD3100B2604B /* CategoryView.swift */ = {isa = PBXFileReference; lastKnownFileType = sourcecode.swift; path = CategoryView.swift; sourceTree = "<group>"; };
		94CDB7542B95E0A000B2604B /* AddRecipeView.swift */ = {isa = PBXFileReference; lastKnownFileType = sourcecode.swift; path = AddRecipeView.swift; sourceTree = "<group>"; };
		94CDB7562B95EBA700B2604B /* RecipiesViewModel.swift */ = {isa = PBXFileReference; lastKnownFileType = sourcecode.swift; path = RecipiesViewModel.swift; sourceTree = "<group>"; };
/* End PBXFileReference section */

/* Begin PBXFrameworksBuildPhase section */
		94552B962B93151D007FD221 /* Frameworks */ = {
			isa = PBXFrameworksBuildPhase;
			buildActionMask = 2147483647;
			files = (
			);
			runOnlyForDeploymentPostprocessing = 0;
		};
/* End PBXFrameworksBuildPhase section */

/* Begin PBXGroup section */
		94552B902B93151D007FD221 = {
			isa = PBXGroup;
			children = (
				94552B9B2B93151D007FD221 /* Recipe */,
				94552B9A2B93151D007FD221 /* Products */,
			);
			sourceTree = "<group>";
		};
		94552B9A2B93151D007FD221 /* Products */ = {
			isa = PBXGroup;
			children = (
				94552B992B93151D007FD221 /* Recipe.app */,
			);
			name = Products;
			sourceTree = "<group>";
		};
		94552B9B2B93151D007FD221 /* Recipe */ = {
			isa = PBXGroup;
			children = (
				94552B9C2B93151D007FD221 /* RecipeApp.swift */,
				94552BAC2B9315AE007FD221 /* Views */,
				94552BAB2B93157E007FD221 /* ViewModels */,
				94552BAA2B93156F007FD221 /* Models */,
				94552BA02B93151E007FD221 /* Assets.xcassets */,
				94552BA22B93151E007FD221 /* Preview Content */,
			);
			path = Recipe;
			sourceTree = "<group>";
		};
		94552BA22B93151E007FD221 /* Preview Content */ = {
			isa = PBXGroup;
			children = (
				94552BA32B93151E007FD221 /* Preview Assets.xcassets */,
			);
			path = "Preview Content";
			sourceTree = "<group>";
		};
		94552BAA2B93156F007FD221 /* Models */ = {
			isa = PBXGroup;
			children = (
				94CDB7482B95B09E00B2604B /* RecipeModel.swift */,
			);
			path = Models;
			sourceTree = "<group>";
		};
		94552BAB2B93157E007FD221 /* ViewModels */ = {
			isa = PBXGroup;
			children = (
				94CDB7562B95EBA700B2604B /* RecipiesViewModel.swift */,
			);
			path = ViewModels;
			sourceTree = "<group>";
		};
		94552BAC2B9315AE007FD221 /* Views */ = {
			isa = PBXGroup;
			children = (
				94552BAD2B9315BE007FD221 /* Main */,
				94552BAE2B9315C5007FD221 /* Detail */,
				94552BB02B9315F2007FD221 /* Components */,
			);
			path = Views;
			sourceTree = "<group>";
		};
		94552BAD2B9315BE007FD221 /* Main */ = {
			isa = PBXGroup;
			children = (
				94552B9E2B93151D007FD221 /* ContentView.swift */,
				94552BBB2B9318FE007FD221 /* TabBar.swift */,
				94552BB12B93169E007FD221 /* HomeView.swift */,
				94552BB32B9316B5007FD221 /* CategoriesView.swift */,
				94552BB52B9316CB007FD221 /* SettingsView.swift */,
				94552BB72B9316DC007FD221 /* NewReciepeView.swift */,
				94552BB92B93185B007FD221 /* FavoritesView.swift */,
			);
			path = Main;
			sourceTree = "<group>";
		};
		94552BAE2B9315C5007FD221 /* Detail */ = {
			isa = PBXGroup;
			children = (
				94CDB74F2B95C6EB00B2604B /* RecipeView.swift */,
				94CDB7522B95DD3100B2604B /* CategoryView.swift */,
				94CDB7542B95E0A000B2604B /* AddRecipeView.swift */,
			);
			path = Detail;
			sourceTree = "<group>";
		};
		94552BB02B9315F2007FD221 /* Components */ = {
			isa = PBXGroup;
			children = (
				94CDB74A2B95B7C400B2604B /* RecipeCard.swift */,
				94CDB74C2B95BE6600B2604B /* RecipeList.swift */,
			);
			path = Components;
			sourceTree = "<group>";
		};
/* End PBXGroup section */

/* Begin PBXNativeTarget section */
		94552B982B93151D007FD221 /* Recipe */ = {
			isa = PBXNativeTarget;
			buildConfigurationList = 94552BA72B93151E007FD221 /* Build configuration list for PBXNativeTarget "Recipe" */;
			buildPhases = (
				94552B952B93151D007FD221 /* Sources */,
				94552B962B93151D007FD221 /* Frameworks */,
				94552B972B93151D007FD221 /* Resources */,
			);
			buildRules = (
			);
			dependencies = (
			);
			name = Recipe;
			productName = Recipe;
			productReference = 94552B992B93151D007FD221 /* Recipe.app */;
			productType = "com.apple.product-type.application";
		};
/* End PBXNativeTarget section */

/* Begin PBXProject section */
		94552B912B93151D007FD221 /* Project object */ = {
			isa = PBXProject;
			attributes = {
				BuildIndependentTargetsInParallel = 1;
				LastSwiftUpdateCheck = 1420;
				LastUpgradeCheck = 1420;
				TargetAttributes = {
					94552B982B93151D007FD221 = {
						CreatedOnToolsVersion = 14.2;
					};
				};
			};
			buildConfigurationList = 94552B942B93151D007FD221 /* Build configuration list for PBXProject "Recipe" */;
			compatibilityVersion = "Xcode 14.0";
			developmentRegion = en;
			hasScannedForEncodings = 0;
			knownRegions = (
				en,
				Base,
			);
			mainGroup = 94552B902B93151D007FD221;
			productRefGroup = 94552B9A2B93151D007FD221 /* Products */;
			projectDirPath = "";
			projectRoot = "";
			targets = (
				94552B982B93151D007FD221 /* Recipe */,
			);
		};
/* End PBXProject section */

/* Begin PBXResourcesBuildPhase section */
		94552B972B93151D007FD221 /* Resources */ = {
			isa = PBXResourcesBuildPhase;
			buildActionMask = 2147483647;
			files = (
				94552BA42B93151E007FD221 /* Preview Assets.xcassets in Resources */,
				94552BA12B93151E007FD221 /* Assets.xcassets in Resources */,
			);
			runOnlyForDeploymentPostprocessing = 0;
		};
/* End PBXResourcesBuildPhase section */

/* Begin PBXSourcesBuildPhase section */
		94552B952B93151D007FD221 /* Sources */ = {
			isa = PBXSourcesBuildPhase;
			buildActionMask = 2147483647;
			files = (
				94CDB7552B95E0A000B2604B /* AddRecipeView.swift in Sources */,
				94552BB62B9316CB007FD221 /* SettingsView.swift in Sources */,
				94CDB74B2B95B7C400B2604B /* RecipeCard.swift in Sources */,
				94CDB7572B95EBA700B2604B /* RecipiesViewModel.swift in Sources */,
				94552BB82B9316DC007FD221 /* NewReciepeView.swift in Sources */,
				94552BB42B9316B5007FD221 /* CategoriesView.swift in Sources */,
				94552BBC2B9318FE007FD221 /* TabBar.swift in Sources */,
				94CDB7532B95DD3100B2604B /* CategoryView.swift in Sources */,
				94552BB22B93169E007FD221 /* HomeView.swift in Sources */,
				94CDB7502B95C6EB00B2604B /* RecipeView.swift in Sources */,
				94CDB74D2B95BE6600B2604B /* RecipeList.swift in Sources */,
				94552BBA2B93185B007FD221 /* FavoritesView.swift in Sources */,
				94552B9F2B93151D007FD221 /* ContentView.swift in Sources */,
				94552B9D2B93151D007FD221 /* RecipeApp.swift in Sources */,
				94CDB7492B95B09E00B2604B /* RecipeModel.swift in Sources */,
			);
			runOnlyForDeploymentPostprocessing = 0;
		};
/* End PBXSourcesBuildPhase section */

/* Begin XCBuildConfiguration section */
		94552BA52B93151E007FD221 /* Debug */ = {
			isa = XCBuildConfiguration;
			buildSettings = {
				ALWAYS_SEARCH_USER_PATHS = NO;
				CLANG_ANALYZER_NONNULL = YES;
				CLANG_ANALYZER_NUMBER_OBJECT_CONVERSION = YES_AGGRESSIVE;
				CLANG_CXX_LANGUAGE_STANDARD = "gnu++20";
				CLANG_ENABLE_MODULES = YES;
				CLANG_ENABLE_OBJC_ARC = YES;
				CLANG_ENABLE_OBJC_WEAK = YES;
				CLANG_WARN_BLOCK_CAPTURE_AUTORELEASING = YES;
				CLANG_WARN_BOOL_CONVERSION = YES;
				CLANG_WARN_COMMA = YES;
				CLANG_WARN_CONSTANT_CONVERSION = YES;
				CLANG_WARN_DEPRECATED_OBJC_IMPLEMENTATIONS = YES;
				CLANG_WARN_DIRECT_OBJC_ISA_USAGE = YES_ERROR;
				CLANG_WARN_DOCUMENTATION_COMMENTS = YES;
				CLANG_WARN_EMPTY_BODY = YES;
				CLANG_WARN_ENUM_CONVERSION = YES;
				CLANG_WARN_INFINITE_RECURSION = YES;
				CLANG_WARN_INT_CONVERSION = YES;
				CLANG_WARN_NON_LITERAL_NULL_CONVERSION = YES;
				CLANG_WARN_OBJC_IMPLICIT_RETAIN_SELF = YES;
				CLANG_WARN_OBJC_LITERAL_CONVERSION = YES;
				CLANG_WARN_OBJC_ROOT_CLASS = YES_ERROR;
				CLANG_WARN_QUOTED_INCLUDE_IN_FRAMEWORK_HEADER = YES;
				CLANG_WARN_RANGE_LOOP_ANALYSIS = YES;
				CLANG_WARN_STRICT_PROTOTYPES = YES;
				CLANG_WARN_SUSPICIOUS_MOVE = YES;
				CLANG_WARN_UNGUARDED_AVAILABILITY = YES_AGGRESSIVE;
				CLANG_WARN_UNREACHABLE_CODE = YES;
				CLANG_WARN__DUPLICATE_METHOD_MATCH = YES;
				COPY_PHASE_STRIP = NO;
				DEBUG_INFORMATION_FORMAT = dwarf;
				ENABLE_STRICT_OBJC_MSGSEND = YES;
				ENABLE_TESTABILITY = YES;
				GCC_C_LANGUAGE_STANDARD = gnu11;
				GCC_DYNAMIC_NO_PIC = NO;
				GCC_NO_COMMON_BLOCKS = YES;
				GCC_OPTIMIZATION_LEVEL = 0;
				GCC_PREPROCESSOR_DEFINITIONS = (
					"DEBUG=1",
					"$(inherited)",
				);
				GCC_WARN_64_TO_32_BIT_CONVERSION = YES;
				GCC_WARN_ABOUT_RETURN_TYPE = YES_ERROR;
				GCC_WARN_UNDECLARED_SELECTOR = YES;
				GCC_WARN_UNINITIALIZED_AUTOS = YES_AGGRESSIVE;
				GCC_WARN_UNUSED_FUNCTION = YES;
				GCC_WARN_UNUSED_VARIABLE = YES;
				IPHONEOS_DEPLOYMENT_TARGET = 16.2;
				MTL_ENABLE_DEBUG_INFO = INCLUDE_SOURCE;
				MTL_FAST_MATH = YES;
				ONLY_ACTIVE_ARCH = YES;
				SDKROOT = iphoneos;
				SWIFT_ACTIVE_COMPILATION_CONDITIONS = DEBUG;
				SWIFT_OPTIMIZATION_LEVEL = "-Onone";
			};
			name = Debug;
		};
		94552BA62B93151E007FD221 /* Release */ = {
			isa = XCBuildConfiguration;
			buildSettings = {
				ALWAYS_SEARCH_USER_PATHS = NO;
				CLANG_ANALYZER_NONNULL = YES;
				CLANG_ANALYZER_NUMBER_OBJECT_CONVERSION = YES_AGGRESSIVE;
				CLANG_CXX_LANGUAGE_STANDARD = "gnu++20";
				CLANG_ENABLE_MODULES = YES;
				CLANG_ENABLE_OBJC_ARC = YES;
				CLANG_ENABLE_OBJC_WEAK = YES;
				CLANG_WARN_BLOCK_CAPTURE_AUTORELEASING = YES;
				CLANG_WARN_BOOL_CONVERSION = YES;
				CLANG_WARN_COMMA = YES;
				CLANG_WARN_CONSTANT_CONVERSION = YES;
				CLANG_WARN_DEPRECATED_OBJC_IMPLEMENTATIONS = YES;
				CLANG_WARN_DIRECT_OBJC_ISA_USAGE = YES_ERROR;
				CLANG_WARN_DOCUMENTATION_COMMENTS = YES;
				CLANG_WARN_EMPTY_BODY = YES;
				CLANG_WARN_ENUM_CONVERSION = YES;
				CLANG_WARN_INFINITE_RECURSION = YES;
				CLANG_WARN_INT_CONVERSION = YES;
				CLANG_WARN_NON_LITERAL_NULL_CONVERSION = YES;
				CLANG_WARN_OBJC_IMPLICIT_RETAIN_SELF = YES;
				CLANG_WARN_OBJC_LITERAL_CONVERSION = YES;
				CLANG_WARN_OBJC_ROOT_CLASS = YES_ERROR;
				CLANG_WARN_QUOTED_INCLUDE_IN_FRAMEWORK_HEADER = YES;
				CLANG_WARN_RANGE_LOOP_ANALYSIS = YES;
				CLANG_WARN_STRICT_PROTOTYPES = YES;
				CLANG_WARN_SUSPICIOUS_MOVE = YES;
				CLANG_WARN_UNGUARDED_AVAILABILITY = YES_AGGRESSIVE;
				CLANG_WARN_UNREACHABLE_CODE = YES;
				CLANG_WARN__DUPLICATE_METHOD_MATCH = YES;
				COPY_PHASE_STRIP = NO;
				DEBUG_INFORMATION_FORMAT = "dwarf-with-dsym";
				ENABLE_NS_ASSERTIONS = NO;
				ENABLE_STRICT_OBJC_MSGSEND = YES;
				GCC_C_LANGUAGE_STANDARD = gnu11;
				GCC_NO_COMMON_BLOCKS = YES;
				GCC_WARN_64_TO_32_BIT_CONVERSION = YES;
				GCC_WARN_ABOUT_RETURN_TYPE = YES_ERROR;
				GCC_WARN_UNDECLARED_SELECTOR = YES;
				GCC_WARN_UNINITIALIZED_AUTOS = YES_AGGRESSIVE;
				GCC_WARN_UNUSED_FUNCTION = YES;
				GCC_WARN_UNUSED_VARIABLE = YES;
				IPHONEOS_DEPLOYMENT_TARGET = 16.2;
				MTL_ENABLE_DEBUG_INFO = NO;
				MTL_FAST_MATH = YES;
				SDKROOT = iphoneos;
				SWIFT_COMPILATION_MODE = wholemodule;
				SWIFT_OPTIMIZATION_LEVEL = "-O";
				VALIDATE_PRODUCT = YES;
			};
			name = Release;
		};
		94552BA82B93151E007FD221 /* Debug */ = {
			isa = XCBuildConfiguration;
			buildSettings = {
				ASSETCATALOG_COMPILER_APPICON_NAME = AppIcon;
				ASSETCATALOG_COMPILER_GLOBAL_ACCENT_COLOR_NAME = AccentColor;
				CODE_SIGN_IDENTITY = "Apple Development";
				CODE_SIGN_STYLE = Automatic;
				CURRENT_PROJECT_VERSION = 1;
				DEVELOPMENT_ASSET_PATHS = "\"Recipe/Preview Content\"";
				DEVELOPMENT_TEAM = F69BVQ7958;
				ENABLE_PREVIEWS = YES;
				GENERATE_INFOPLIST_FILE = YES;
				INFOPLIST_KEY_UIApplicationSceneManifest_Generation = YES;
				INFOPLIST_KEY_UIApplicationSupportsIndirectInputEvents = YES;
				INFOPLIST_KEY_UILaunchScreen_Generation = YES;
				INFOPLIST_KEY_UISupportedInterfaceOrientations_iPad = "UIInterfaceOrientationPortrait UIInterfaceOrientationPortraitUpsideDown UIInterfaceOrientationLandscapeLeft UIInterfaceOrientationLandscapeRight";
				INFOPLIST_KEY_UISupportedInterfaceOrientations_iPhone = "UIInterfaceOrientationPortrait UIInterfaceOrientationLandscapeLeft UIInterfaceOrientationLandscapeRight";
				LD_RUNPATH_SEARCH_PATHS = (
					"$(inherited)",
					"@executable_path/Frameworks",
				);
				MARKETING_VERSION = 1.0;
				PRODUCT_BUNDLE_IDENTIFIER = VM.Recipe;
				PRODUCT_NAME = "$(TARGET_NAME)";
				PROVISIONING_PROFILE_SPECIFIER = "";
				SWIFT_EMIT_LOC_STRINGS = YES;
				SWIFT_VERSION = 5.0;
				TARGETED_DEVICE_FAMILY = "1,2";
			};
			name = Debug;
		};
		94552BA92B93151E007FD221 /* Release */ = {
			isa = XCBuildConfiguration;
			buildSettings = {
				ASSETCATALOG_COMPILER_APPICON_NAME = AppIcon;
				ASSETCATALOG_COMPILER_GLOBAL_ACCENT_COLOR_NAME = AccentColor;
				CODE_SIGN_IDENTITY = "Apple Development";
				CODE_SIGN_STYLE = Automatic;
				CURRENT_PROJECT_VERSION = 1;
				DEVELOPMENT_ASSET_PATHS = "\"Recipe/Preview Content\"";
				DEVELOPMENT_TEAM = F69BVQ7958;
				ENABLE_PREVIEWS = YES;
				GENERATE_INFOPLIST_FILE = YES;
				INFOPLIST_KEY_UIApplicationSceneManifest_Generation = YES;
				INFOPLIST_KEY_UIApplicationSupportsIndirectInputEvents = YES;
				INFOPLIST_KEY_UILaunchScreen_Generation = YES;
				INFOPLIST_KEY_UISupportedInterfaceOrientations_iPad = "UIInterfaceOrientationPortrait UIInterfaceOrientationPortraitUpsideDown UIInterfaceOrientationLandscapeLeft UIInterfaceOrientationLandscapeRight";
				INFOPLIST_KEY_UISupportedInterfaceOrientations_iPhone = "UIInterfaceOrientationPortrait UIInterfaceOrientationLandscapeLeft UIInterfaceOrientationLandscapeRight";
				LD_RUNPATH_SEARCH_PATHS = (
					"$(inherited)",
					"@executable_path/Frameworks",
				);
				MARKETING_VERSION = 1.0;
				PRODUCT_BUNDLE_IDENTIFIER = VM.Recipe;
				PRODUCT_NAME = "$(TARGET_NAME)";
				PROVISIONING_PROFILE_SPECIFIER = "";
				SWIFT_EMIT_LOC_STRINGS = YES;
				SWIFT_VERSION = 5.0;
				TARGETED_DEVICE_FAMILY = "1,2";
			};
			name = Release;
		};
/* End XCBuildConfiguration section */

/* Begin XCConfigurationList section */
		94552B942B93151D007FD221 /* Build configuration list for PBXProject "Recipe" */ = {
			isa = XCConfigurationList;
			buildConfigurations = (
				94552BA52B93151E007FD221 /* Debug */,
				94552BA62B93151E007FD221 /* Release */,
			);
			defaultConfigurationIsVisible = 0;
			defaultConfigurationName = Release;
		};
		94552BA72B93151E007FD221 /* Build configuration list for PBXNativeTarget "Recipe" */ = {
			isa = XCConfigurationList;
			buildConfigurations = (
				94552BA82B93151E007FD221 /* Debug */,
				94552BA92B93151E007FD221 /* Release */,
			);
			defaultConfigurationIsVisible = 0;
			defaultConfigurationName = Release;
		};
/* End XCConfigurationList section */
	};
	rootObject = 94552B912B93151D007FD221 /* Project object */;
}
